
Microsoft Visual Studio Solution File, Format Version 12.00
# Visual Studio Version 17
VisualStudioVersion = 17.14.36811.4 d17.14
MinimumVisualStudioVersion = 10.0.40219.1
Project("{FAE04EC0-301F-11D3-BF4B-00C04F79EFBC}") = "Sentry", "Sentry\Sentry.csproj", "{4FFEAC88-CD17-44BA-82BE-1E0D278654A6}"
EndProject
Global
	GlobalSection(SolutionConfigurationPlatforms) = preSolution
		Debug|Any CPU = Debug|Any CPU
		Release|Any CPU = Release|Any CPU
	EndGlobalSection
	GlobalSection(ProjectConfigurationPlatforms) = postSolution
		{4FFEAC88-CD17-44BA-82BE-1E0D278654A6}.Debug|Any CPU.ActiveCfg = Debug|Any CPU
		{4FFEAC88-CD17-44BA-82BE-1E0D278654A6}.Debug|Any CPU.Build.0 = Debug|Any CPU
		{4FFEAC88-CD17-44BA-82BE-1E0D278654A6}.Release|Any CPU.ActiveCfg = Release|Any CPU
		{4FFEAC88-CD17-44BA-82BE-1E0D278654A6}.Release|Any CPU.Build.0 = Release|Any CPU
	EndGlobalSection
	GlobalSection(SolutionProperties) = preSolution
		HideSolutionNode = FALSE
	EndGlobalSection
	GlobalSection(ExtensibilityGlobals) = postSolution
		SolutionGuid = {A9C740EF-37BD-412A-A721-06E5C329C047}
	EndGlobalSection
EndGlobal
